# THIS IS AN AUTOGENERATED FILE. DO NOT EDIT THIS FILE DIRECTLY.
# yarn lockfile v1


async@^3.2.3:
  version "3.2.3"
  resolved "https://registry.yarnpkg.com/async/-/async-3.2.3.tgz#ac53dafd3f4720ee9e8a160628f18ea91df196c9"
  integrity sha512-spZRyzKL5l5BZQrr/6m/SqFdBN0q3OCI0f9rjfBzCMBIP4p75P620rR3gTmaksNOhmzgdxcaxdNfMy6anrbM0g==

bagpipe@^0.3.5:
  version "0.3.5"
  resolved "https://registry.yarnpkg.com/bagpipe/-/bagpipe-0.3.5.tgz#e341d164fcb24cdf04ea7e05b765ec10c8aea6a1"
  integrity sha1-40HRZPyyTN8E6n4Ft2XsEMiupqE=

domino@^2.1.6:
  version "2.1.6"
  resolved "https://registry.yarnpkg.com/domino/-/domino-2.1.6.tgz#fe4ace4310526e5e7b9d12c7de01b7f485a57ffe"
  integrity sha512-3VdM/SXBZX2omc9JF9nOPCtDaYQ67BGp5CoLpIQlO2KCAPETs8TcDHacF26jXadGbvUteZzRTeos2fhID5+ucQ==

node-stream-zip@^1.15.0:
  version "1.15.0"
  resolved "https://registry.yarnpkg.com/node-stream-zip/-/node-stream-zip-1.15.0.tgz#158adb88ed8004c6c49a396b50a6a5de3bca33ea"
  integrity sha512-LN4fydt9TqhZhThkZIVQnF9cwjU3qmUH9h78Mx/K7d3VvfRqqwthLwJEUOEL0QPZ0XQmNN7be5Ggit5+4dq3Bw==

turndown-plugin-gfm@^1.0.2:
  version "1.0.2"
  resolved "https://registry.yarnpkg.com/turndown-plugin-gfm/-/turndown-plugin-gfm-1.0.2.tgz#6f8678a361f35220b2bdf5619e6049add75bf1c7"
  integrity sha512-vwz9tfvF7XN/jE0dGoBei3FXWuvll78ohzCZQuOb+ZjWrs3a0XhQVomJEb2Qh4VHTPNRO4GPZh0V7VRbiWwkRg==

turndown@^7.1.1:
  version "7.1.1"
  resolved "https://registry.yarnpkg.com/turndown/-/turndown-7.1.1.tgz#96992f2d9b40a1a03d3ea61ad31b5a5c751ef77f"
  integrity sha512-BEkXaWH7Wh7e9bd2QumhfAXk5g34+6QUmmWx+0q6ThaVOLuLUqsnkq35HQ5SBHSaxjSfSM7US5o4lhJNH7B9MA==
  dependencies:
    domino "^2.1.6"
